
Microsoft Visual Studio Solution File, Format Version 12.00
# Visual Studio Version 17
VisualStudioVersion = 17.14.37027.9 d17.14
MinimumVisualStudioVersion = 10.0.40219.1
Project("{FAE04EC0-301F-11D3-BF4B-00C04F79EFBC}") = "NTSoftMerchantAPI", "NTSoftMerchantAPI\NTSoftMerchantAPI.csproj", "{885FE9D9-25E7-4B31-ABFA-8ACCF0B1CB1B}"
EndProject
Global
	GlobalSection(SolutionConfigurationPlatforms) = preSolution
		Debug|Any CPU = Debug|Any CPU
		Release|Any CPU = Release|Any CPU
	EndGlobalSection
	GlobalSection(ProjectConfigurationPlatforms) = postSolution
		{885FE9D9-25E7-4B31-ABFA-8ACCF0B1CB1B}.Debug|Any CPU.ActiveCfg = Debug|Any CPU
		{885FE9D9-25E7-4B31-ABFA-8ACCF0B1CB1B}.Debug|Any CPU.Build.0 = Debug|Any CPU
		{885FE9D9-25E7-4B31-ABFA-8ACCF0B1CB1B}.Release|Any CPU.ActiveCfg = Release|Any CPU
		{885FE9D9-25E7-4B31-ABFA-8ACCF0B1CB1B}.Release|Any CPU.Build.0 = Release|Any CPU
	EndGlobalSection
	GlobalSection(SolutionProperties) = preSolution
		HideSolutionNode = FALSE
	EndGlobalSection
	GlobalSection(ExtensibilityGlobals) = postSolution
		SolutionGuid = {FC565506-4339-44E5-B641-DF9E489D266B}
	EndGlobalSection
EndGlobal
